
Microsoft Visual Studio Solution File, Format Version 12.00
# Visual Studio Version 17
VisualStudioVersion = 17.8.34525.116
MinimumVisualStudioVersion = 10.0.40219.1
Project("{9A19103F-16F7-4668-BE54-9A1E7A4F7556}") = "qui-test-api", "qui-test-api.csproj", "{7DA5E7C7-07F4-4834-AF78-8728818E2D11}"
EndProject
Project("{FAE04EC0-301F-11D3-BF4B-00C04F79EFBC}") = "Integration.Tests", "..\Integration.Tests\Integration.Tests.csproj", "{87FCED43-C914-4628-97D3-5D5811262AD2}"
EndProject
Global
	GlobalSection(SolutionConfigurationPlatforms) = preSolution
		Debug|Any CPU = Debug|Any CPU
		Release|Any CPU = Release|Any CPU
	EndGlobalSection
	GlobalSection(ProjectConfigurationPlatforms) = postSolution
		{7DA5E7C7-07F4-4834-AF78-8728818E2D11}.Debug|Any CPU.ActiveCfg = Debug|Any CPU
		{7DA5E7C7-07F4-4834-AF78-8728818E2D11}.Debug|Any CPU.Build.0 = Debug|Any CPU
		{7DA5E7C7-07F4-4834-AF78-8728818E2D11}.Release|Any CPU.ActiveCfg = Release|Any CPU
		{7DA5E7C7-07F4-4834-AF78-8728818E2D11}.Release|Any CPU.Build.0 = Release|Any CPU
		{87FCED43-C914-4628-97D3-5D5811262AD2}.Debug|Any CPU.ActiveCfg = Debug|Any CPU
		{87FCED43-C914-4628-97D3-5D5811262AD2}.Debug|Any CPU.Build.0 = Debug|Any CPU
		{87FCED43-C914-4628-97D3-5D5811262AD2}.Release|Any CPU.ActiveCfg = Release|Any CPU
		{87FCED43-C914-4628-97D3-5D5811262AD2}.Release|Any CPU.Build.0 = Release|Any CPU
	EndGlobalSection
	GlobalSection(SolutionProperties) = preSolution
		HideSolutionNode = FALSE
	EndGlobalSection
	GlobalSection(ExtensibilityGlobals) = postSolution
		SolutionGuid = {5E70B8D7-0D5B-44C3-B055-DA77E0E7248C}
	EndGlobalSection
EndGlobal
